{
  "version": "4",
  "specifiers": {
    "jsr:@libs/typing@3": "3.1.0",
    "jsr:@noble/ed25519@*": "2.1.0",
    "jsr:@oak/commons@1": "1.0.0",
    "jsr:@oak/oak@*": "17.1.3",
    "jsr:@std/assert@1": "1.0.7",
    "jsr:@std/bytes@1": "1.0.3",
    "jsr:@std/bytes@^1.0.2": "1.0.3",
    "jsr:@std/crypto@*": "1.0.3",
    "jsr:@std/crypto@1": "1.0.3",
    "jsr:@std/encoding@*": "1.0.5",
    "jsr:@std/encoding@1": "1.0.5",
    "jsr:@std/encoding@^1.0.5": "1.0.5",
    "jsr:@std/http@1": "1.0.9",
    "jsr:@std/io@0.224": "0.224.9",
    "jsr:@std/media-types@1": "1.0.3",
    "jsr:@std/path@1": "1.0.8",
    "npm:@types/node@*": "22.5.4",
    "npm:path-to-regexp@6.2.1": "6.2.1"
  },
  "jsr": {
    "@libs/typing@3.1.0": {
      "integrity": "091b59f57a99f84c9fccf8f59534f77f177705ac25183b575c83fd7aa6dcfafe"
    },
    "@noble/ed25519@2.1.0": {
      "integrity": "59a6ad395a37a0d065f6a2771e56fe52ea4bd9070c77bdaca5c475f5184412cc"
    },
    "@oak/commons@1.0.0": {
      "integrity": "49805b55603c3627a9d6235c0655aa2b6222d3036b3a13ff0380c16368f607ac",
      "dependencies": [
        "jsr:@std/assert",
        "jsr:@std/bytes@1",
        "jsr:@std/crypto@1",
        "jsr:@std/encoding@1",
        "jsr:@std/http",
        "jsr:@std/media-types"
      ]
    },
    "@oak/oak@17.1.3": {
      "integrity": "d89296c22db91681dd3a2a1e1fd14e258d0d5a9654de55637aee5b661c159f33",
      "dependencies": [
        "jsr:@oak/commons",
        "jsr:@std/assert",
        "jsr:@std/bytes@1",
        "jsr:@std/crypto@1",
        "jsr:@std/http",
        "jsr:@std/io",
        "jsr:@std/media-types",
        "jsr:@std/path",
        "npm:path-to-regexp"
      ]
    },
    "@std/assert@1.0.7": {
      "integrity": "64ce9fac879e0b9f3042a89b3c3f8ccfc9c984391af19e2087513a79d73e28c3"
    },
    "@std/bytes@1.0.3": {
      "integrity": "e5d5b9e685966314e4edb4be60dfc4bd7624a075bfd4ec8109252b4320f76452"
    },
    "@std/crypto@1.0.3": {
      "integrity": "a2a32f51ddef632d299e3879cd027c630dcd4d1d9a5285d6e6788072f4e51e7f"
    },
    "@std/encoding@1.0.5": {
      "integrity": "ecf363d4fc25bd85bd915ff6733a7e79b67e0e7806334af15f4645c569fefc04"
    },
    "@std/http@1.0.9": {
      "integrity": "d409fc319a5e8d4a154e576c758752e9700282d74f31357a12fec6420f9ecb6c",
      "dependencies": [
        "jsr:@std/encoding@^1.0.5"
      ]
    },
    "@std/io@0.224.9": {
      "integrity": "4414664b6926f665102e73c969cfda06d2c4c59bd5d0c603fd4f1b1c840d6ee3",
      "dependencies": [
        "jsr:@std/bytes@^1.0.2"
      ]
    },
    "@std/media-types@1.0.3": {
      "integrity": "b12d30a7852f7578f4d210622df713bbfd1cbdd9b4ec2eaf5c1845ab70bab159"
    },
    "@std/path@1.0.8": {
      "integrity": "548fa456bb6a04d3c1a1e7477986b6cffbce95102d0bb447c67c4ee70e0364be"
    }
  },
  "npm": {
    "@types/node@22.5.4": {
      "integrity": "sha512-FDuKUJQm/ju9fT/SeX/6+gBzoPzlVCzfzmGkwKvRHQVxi4BntVbyIwf6a4Xn62mrvndLiml6z/UBXIdEVjQLXg==",
      "dependencies": [
        "undici-types"
      ]
    },
    "path-to-regexp@6.2.1": {
      "integrity": "sha512-JLyh7xT1kizaEvcaXOQwOc2/Yhw6KZOvPf1S8401UyLk86CU79LN3vl7ztXGm/pZ+YjoyAJ4rxmHwbkBXJX+yw=="
    },
    "undici-types@6.19.8": {
      "integrity": "sha512-ve2KP6f/JnbPBFyobGHuerC9g1FYGn/F8n1LWTwNxCEzd6IfqTwUQcNXgEtmmQ6DlRrC1hrSrBnCZPokRrDHjw=="
    }
  },
  "redirects": {
    "https://deno.land/x/crypto/aes.ts": "https://deno.land/x/crypto@v0.10.1/aes.ts",
    "https://deno.land/x/otpauth/dist/otpauth.esm.js": "https://deno.land/x/otpauth@v9.3.4/dist/otpauth.esm.js",
    "https://deno.land/x/simplewebauthn/deno/server.ts": "https://deno.land/x/simplewebauthn@v11.0.0/deno/server.ts"
  },
  "remote": {
    "https://deno.land/std@0.150.0/media_types/_util.ts": "ce9b4fc4ba1c447dafab619055e20fd88236ca6bdd7834a21f98bd193c3fbfa1",
    "https://deno.land/std@0.150.0/media_types/mod.ts": "2d4b6f32a087029272dc59e0a55ae3cc4d1b27b794ccf528e94b1925795b3118",
    "https://deno.land/std@0.150.0/media_types/vendor/mime-db.v1.52.0.ts": "724cee25fa40f1a52d3937d6b4fbbfdd7791ff55e1b7ac08d9319d5632c7f5af",
    "https://deno.land/x/b64@1.1.27/src/base64.js": "9e10b98e4203d030bc913913a2e4683b4842aff337bc9ec2643a28dfe04b5fc4",
    "https://deno.land/x/crypto@v0.10.0/block-modes.ts": "a7ef359649a2cf235451e80aed7a5fda612d92ca2b158bf2a724b32899f8e455",
    "https://deno.land/x/crypto@v0.10.0/src/block-modes/base.ts": "ed96f69c0855ffc2d34ffbab293ac131dd4fd3d24e6d8ccd86e2a2f9f898c9b5",
    "https://deno.land/x/crypto@v0.10.0/src/block-modes/cbc.ts": "ce1ae944dd1912febd1d69c26c3a4ba18caeac9544ac3c62abd8b2429842de19",
    "https://deno.land/x/crypto@v0.10.0/src/block-modes/cfb.ts": "95b937293e9daebd336370fd954a3c53e47853fc81e1574db1ea4f31c6eb4663",
    "https://deno.land/x/crypto@v0.10.0/src/block-modes/ctr.ts": "06fd8e338dbda0a6a7fa49718a0fd247830759820e61646a6cf611ad69a9d464",
    "https://deno.land/x/crypto@v0.10.0/src/block-modes/ecb.ts": "c346d692f16f8efbcc041c25dd761ca223ef92e03bb05457908953bf261ba325",
    "https://deno.land/x/crypto@v0.10.0/src/block-modes/mod.ts": "bb7e3ddafa15b1ca024b4b5013b23d134410d01e90ce3d5be5489eb9d5f601c5",
    "https://deno.land/x/crypto@v0.10.0/src/block-modes/ofb.ts": "0f77075505853b4ba1a55b4edecb17323f8a1489456a3d3b74717565cccbf2ef",
    "https://deno.land/x/crypto@v0.10.0/src/utils/padding.ts": "db60b542bf7629fada4a9b92dbae7fcfc7d074a325f3b4e6d5a269b16546aa9b",
    "https://deno.land/x/crypto@v0.10.1/aes.ts": "0f4e5af07514a07d56ec01b2186c0153f13d6e00c26fc4e70692996af6280e48",
    "https://deno.land/x/crypto@v0.10.1/src/aes/consts.ts": "582aeed7afda2fe3deac4a60c4a9f29c60a7fb66f56645f95fa0ddab49bde994",
    "https://deno.land/x/crypto@v0.10.1/src/aes/mod.ts": "883d1e48d033dc4491f3a336c07235c5c4cb0371972476b8cdeea5e94ad2efbe",
    "https://deno.land/x/crypto@v0.10.1/src/block-modes/base.ts": "9006474c676782602ede9ea16aa49e8d084fd5670f6050641715a3d3085e1ba5",
    "https://deno.land/x/crypto@v0.10.1/src/utils/bytes.ts": "7ccf6cb2d747d9b9de04c9a2494999957c1e86fd4e14bc228aad25283323f5a0",
    "https://deno.land/x/crypto@v0.10.1/src/utils/padding.ts": "544c51a471a413b15940bf08b285bc6a5db27796ff3cf240564f42701aba01dc",
    "https://deno.land/x/otpauth@v9.3.4/dist/otpauth.esm.js": "d0dfbecc3f3b00f3c0c487619b081a647df82ad54394643947f8411f98068425",
    "https://deno.land/x/simplewebauthn@v11.0.0/deno/server.ts": "d5fb66d4a73c20435f33105dad7f41a02fa156fcfde2efb4a035788cceacbcce",
    "https://deno.land/x/simplewebauthn@v11.0.0/packages/server/src/authentication/generateAuthenticationOptions.ts": "c9a55c9958b014ede3c518c73500b4261e4448181cbce3f8202f50125052fb3f",
    "https://deno.land/x/simplewebauthn@v11.0.0/packages/server/src/authentication/verifyAuthenticationResponse.ts": "aed6cf8264e705c0bb3fa6025175a5b73b98c6b8250035c54e0b6c4a9c12f9a0",
    "https://deno.land/x/simplewebauthn@v11.0.0/packages/server/src/deps.ts": "02310fb30b00bacb52824566695d7d76d40baf204a3f9ef61e57215d73081f3a",
    "https://deno.land/x/simplewebauthn@v11.0.0/packages/server/src/helpers/convertAAGUIDToString.ts": "fe81f111f9e471c70137735136c74655cd3f43571210b9bdb37138aec525239c",
    "https://deno.land/x/simplewebauthn@v11.0.0/packages/server/src/helpers/convertCOSEtoPKCS.ts": "5f5bb74506ebf7adb1f715228ed1b80eba88e164745750815a0022f4057d826e",
    "https://deno.land/x/simplewebauthn@v11.0.0/packages/server/src/helpers/convertCertBufferToPEM.ts": "2f1a60644ea4de0effcc212f4017d8362bd64f51a10ac2cb21f01b50dae5cfce",
    "https://deno.land/x/simplewebauthn@v11.0.0/packages/server/src/helpers/convertPEMToBytes.ts": "15703899b7281329714a041c63a2b00ca3595dc9dacfcd6392feca12717cd710",
    "https://deno.land/x/simplewebauthn@v11.0.0/packages/server/src/helpers/convertX509PublicKeyToCOSE.ts": "878811cdc41e83bd8dc1c68c151c0858d68f93eb89456d89221c95b583f9c066",
    "https://deno.land/x/simplewebauthn@v11.0.0/packages/server/src/helpers/cose.ts": "ec3fd62d5037e58d57ab5594780a45d7f4eb9daf2ada0dfbd8f657b7e2b500e5",
    "https://deno.land/x/simplewebauthn@v11.0.0/packages/server/src/helpers/decodeAttestationObject.ts": "bfc47ef24cce4d52a7fcab3c329089be3f4445b79e999696e1d0cd273c45e91c",
    "https://deno.land/x/simplewebauthn@v11.0.0/packages/server/src/helpers/decodeAuthenticatorExtensions.ts": "1f98f957166e50815aa80773a74ad1cddc0db62cbd7aa53cbfe99e18612893f9",
    "https://deno.land/x/simplewebauthn@v11.0.0/packages/server/src/helpers/decodeClientDataJSON.ts": "73891709d6b4341b316bcd8bcca602aff03a05c0a84521341284efdc097ca9d4",
    "https://deno.land/x/simplewebauthn@v11.0.0/packages/server/src/helpers/decodeCredentialPublicKey.ts": "e0fb424a46b2748b42c701a6df12bcfbb9884b9dd68d40d36525f2a9f35f6de6",
    "https://deno.land/x/simplewebauthn@v11.0.0/packages/server/src/helpers/fetch.ts": "b499cef15c269b1a917e50ac6aaabcbedfb560658046c30e75606b9eee650512",
    "https://deno.land/x/simplewebauthn@v11.0.0/packages/server/src/helpers/generateChallenge.ts": "8aa11e3754386df0dc41894f6c51d22f99a84686554c63179e014082a4c4ff1d",
    "https://deno.land/x/simplewebauthn@v11.0.0/packages/server/src/helpers/generateUserID.ts": "ccc1c04fbe8675ca28c9f55876f9097f05371fa268bdf9baba113c223cb3ac74",
    "https://deno.land/x/simplewebauthn@v11.0.0/packages/server/src/helpers/getCertificateInfo.ts": "c8b15bd1286a22ef8ec5b4738ad87e5d804e9694e96998c1075230cd246424e8",
    "https://deno.land/x/simplewebauthn@v11.0.0/packages/server/src/helpers/index.ts": "406a3c9ecb2341d04767e79e695f600c7276d44e993b454ad6ba01936fb19c60",
    "https://deno.land/x/simplewebauthn@v11.0.0/packages/server/src/helpers/isCertRevoked.ts": "29c4bbb8df05fb6f8d4401fab22c8f02ec477bd4cc00146a26fbc96e3caac6f7",
    "https://deno.land/x/simplewebauthn@v11.0.0/packages/server/src/helpers/iso/index.ts": "3784b094dbe78301b04a6c1748fd96d1ad1f1e0aa5a9e305178c6dd90f42e9df",
    "https://deno.land/x/simplewebauthn@v11.0.0/packages/server/src/helpers/iso/isoBase64URL.ts": "50df8acfbf8d9d37a705a65027930602fe2144c12b62f56d951a1ffe33b97012",
    "https://deno.land/x/simplewebauthn@v11.0.0/packages/server/src/helpers/iso/isoCBOR.ts": "51c82d07befb72f147cbacbe6595133f863cecbbb46f24774ba9fe7e39939dec",
    "https://deno.land/x/simplewebauthn@v11.0.0/packages/server/src/helpers/iso/isoCrypto/digest.ts": "d0aadc03f2009e60034b8b6f101b311ee28729abbd4ac15999a5e777f325bf07",
    "https://deno.land/x/simplewebauthn@v11.0.0/packages/server/src/helpers/iso/isoCrypto/getRandomValues.ts": "e9541c19f0fb14fb02254780a53e97c991faa607d7383cafb45bb036d198986e",
    "https://deno.land/x/simplewebauthn@v11.0.0/packages/server/src/helpers/iso/isoCrypto/getWebCrypto.ts": "1fc7f8473456e0b2df31736cdefe268cb1ff53ba9c6cc9e33172b89aac3014d1",
    "https://deno.land/x/simplewebauthn@v11.0.0/packages/server/src/helpers/iso/isoCrypto/importKey.ts": "9e8454a14a91f0c9bef68877482d644a7f6c007bee858b9c6e901e3a6aa75c42",
    "https://deno.land/x/simplewebauthn@v11.0.0/packages/server/src/helpers/iso/isoCrypto/index.ts": "b150779bfc29c6f034424f083aa6308d6f16de7bcbef89cae504d1cdd0123a11",
    "https://deno.land/x/simplewebauthn@v11.0.0/packages/server/src/helpers/iso/isoCrypto/mapCoseAlgToWebCryptoAlg.ts": "9569ac0fc263a5d817d07b7931db55561b1419ba1d621da4ac569ca4d3c4d7c0",
    "https://deno.land/x/simplewebauthn@v11.0.0/packages/server/src/helpers/iso/isoCrypto/mapCoseAlgToWebCryptoKeyAlgName.ts": "eb73953837c35ecb51b8247f07cb5916ed933afc5e5cccd5a671af00834dd3c3",
    "https://deno.land/x/simplewebauthn@v11.0.0/packages/server/src/helpers/iso/isoCrypto/structs.ts": "608d961cb8c28d28bba55012c8a94d77428a4437606bbd3980882db26ede4d22",
    "https://deno.land/x/simplewebauthn@v11.0.0/packages/server/src/helpers/iso/isoCrypto/unwrapEC2Signature.ts": "94acdf32b3cd8762d2a82465191307d583d6e6b6fad9a9229874af2402264460",
    "https://deno.land/x/simplewebauthn@v11.0.0/packages/server/src/helpers/iso/isoCrypto/verify.ts": "ceabeb636e7d161acc19d79b6db177c56b2e41da475317470234de7488eaff4c",
    "https://deno.land/x/simplewebauthn@v11.0.0/packages/server/src/helpers/iso/isoCrypto/verifyEC2.ts": "45ba1516ee8af53e97259e72fdad5cd75d330c4f79155ceb9af3a6046c39ac5d",
    "https://deno.land/x/simplewebauthn@v11.0.0/packages/server/src/helpers/iso/isoCrypto/verifyOKP.ts": "aabd359ddb7fb8c2f5126ba13b17524acb4571c34f2480d7605983d91c63fe91",
    "https://deno.land/x/simplewebauthn@v11.0.0/packages/server/src/helpers/iso/isoCrypto/verifyRSA.ts": "1107437956836e0efced72dc3d7a545e7aff0c7efb0c792cfe3995ec2da78cfd",
    "https://deno.land/x/simplewebauthn@v11.0.0/packages/server/src/helpers/iso/isoUint8Array.ts": "831458ebeeec60baced0b3fb8417f2984f87a514fae6804c9264e3bc203be6de",
    "https://deno.land/x/simplewebauthn@v11.0.0/packages/server/src/helpers/logging.ts": "0d6cc9f2e86ef8dafebb2951520c146fad9cc88163888f3e451a6febe319d7cc",
    "https://deno.land/x/simplewebauthn@v11.0.0/packages/server/src/helpers/mapX509SignatureAlgToCOSEAlg.ts": "3f3fd252841cdca24d9675b01ff7f8ddde1bddaa773d300654f29c01eb596e6b",
    "https://deno.land/x/simplewebauthn@v11.0.0/packages/server/src/helpers/matchExpectedRPID.ts": "cdf33833c239df6d1b4d798d15e9c97f668c8a4fcfc801bf382f4d7e5c1fd6c2",
    "https://deno.land/x/simplewebauthn@v11.0.0/packages/server/src/helpers/parseAuthenticatorData.ts": "5e66fd5c6808ca109d60bbc36fc4bacfa96fab39d98cff9c9af1ee3186dc1a2d",
    "https://deno.land/x/simplewebauthn@v11.0.0/packages/server/src/helpers/parseBackupFlags.ts": "9947faa40fc6804ccf591889e0256c7cee2f5684198ccf74bf9ce76bddd04cbf",
    "https://deno.land/x/simplewebauthn@v11.0.0/packages/server/src/helpers/toHash.ts": "e376dc4d5843b57dbb00ca13d0957d7c3779441753445e74dd02f78e81c73433",
    "https://deno.land/x/simplewebauthn@v11.0.0/packages/server/src/helpers/validateCertificatePath.ts": "c99e02bff67aae47ba6e4367ae9b5802651cbd96d075a191c2f25f319fa2cd7c",
    "https://deno.land/x/simplewebauthn@v11.0.0/packages/server/src/helpers/validateExtFIDOGenCEAAGUID.ts": "f441b3093674870943cb9ed430556949029293fddb94c85f047d30f45b7ccbc2",
    "https://deno.land/x/simplewebauthn@v11.0.0/packages/server/src/helpers/verifySignature.ts": "d7c86bbacd88d48c0a4f4c14956940121e8222cab95f058ff74602dc5e613bbf",
    "https://deno.land/x/simplewebauthn@v11.0.0/packages/server/src/index.ts": "a2f3501cc9a8a7dc375bb809b424c0f926d211ba8dde68984200f87d20d6ff9f",
    "https://deno.land/x/simplewebauthn@v11.0.0/packages/server/src/metadata/mdsTypes.ts": "2a2a69cab599cfdac61fb902991e4b71e9b5920e35bb6423ad2bafc99b599519",
    "https://deno.land/x/simplewebauthn@v11.0.0/packages/server/src/metadata/parseJWT.ts": "b449eecd8f4f3c7a258f1475c4105ed949205dbfb173c87f0066e28ecd201865",
    "https://deno.land/x/simplewebauthn@v11.0.0/packages/server/src/metadata/verifyAttestationWithMetadata.ts": "b67f5870a58fdf5eac1a7d19b7f766aa184afea531e661815b5db867a93c26ad",
    "https://deno.land/x/simplewebauthn@v11.0.0/packages/server/src/metadata/verifyJWT.ts": "9e8e9109423f57b78668a4cc0240eb704d25719884d8aabfec517ce1e9497507",
    "https://deno.land/x/simplewebauthn@v11.0.0/packages/server/src/registration/generateRegistrationOptions.ts": "f057551536b367530db158eb415268f6b9b33c51f5075dd7166b81939e2503f2",
    "https://deno.land/x/simplewebauthn@v11.0.0/packages/server/src/registration/verifications/tpm/constants.ts": "1723ece80fa9b9e332f66f12e5f1481470f12b09abd16d26568ed9a06c263f23",
    "https://deno.land/x/simplewebauthn@v11.0.0/packages/server/src/registration/verifications/tpm/parseCertInfo.ts": "4bb59004c0c5ac5a2b77634e5d05913cb8bbadb6085003cacb2ef0acf338324b",
    "https://deno.land/x/simplewebauthn@v11.0.0/packages/server/src/registration/verifications/tpm/parsePubArea.ts": "da01b78133df3336aa183948736a5acea0ac79405566160a01156986bb4f3470",
    "https://deno.land/x/simplewebauthn@v11.0.0/packages/server/src/registration/verifications/tpm/verifyAttestationTPM.ts": "4b2f94fb283217d3803a1ed480c25492a7f069019996c962f77e28f4eeed6614",
    "https://deno.land/x/simplewebauthn@v11.0.0/packages/server/src/registration/verifications/verifyAttestationAndroidKey.ts": "fd7b4a8c543919c2731131a16ed04fe23906502d12e6c1c8dd3bfd270bf54bb7",
    "https://deno.land/x/simplewebauthn@v11.0.0/packages/server/src/registration/verifications/verifyAttestationAndroidSafetyNet.ts": "80533adfa6b3edcb68c134ce11dbb2f794d143b037ad58811596a8d5ed965409",
    "https://deno.land/x/simplewebauthn@v11.0.0/packages/server/src/registration/verifications/verifyAttestationApple.ts": "423b77664a95e55d2d84805049d2c941d36ad67f28392914b2d930914f3779bb",
    "https://deno.land/x/simplewebauthn@v11.0.0/packages/server/src/registration/verifications/verifyAttestationFIDOU2F.ts": "ae088ac53b781855702c51d97f6c8346e9e0b1252adeab7731fa502f48fb80eb",
    "https://deno.land/x/simplewebauthn@v11.0.0/packages/server/src/registration/verifications/verifyAttestationPacked.ts": "6ab622814953f3ea2c56a2ad7616a759c25a470a09432e1466e4ff4d31f84b39",
    "https://deno.land/x/simplewebauthn@v11.0.0/packages/server/src/registration/verifyRegistrationResponse.ts": "22ff94440336c8187bae243e0cd2050594ac46ec722bc370eb5519df78e5a1ef",
    "https://deno.land/x/simplewebauthn@v11.0.0/packages/server/src/services/defaultRootCerts/android-key.ts": "3c3d0ef780cb6718178e25c77de5fb2cb6911eb1d91ff9648b7e470de8c0c3af",
    "https://deno.land/x/simplewebauthn@v11.0.0/packages/server/src/services/defaultRootCerts/android-safetynet.ts": "19979981d707f6b1507b87ffc0a5f37dfabcdd10cdb239f0a10c2afbf862099e",
    "https://deno.land/x/simplewebauthn@v11.0.0/packages/server/src/services/defaultRootCerts/apple.ts": "da104fff89ac80b264078ae2c669f28bf122ac68d2a108f731265e2767acabbe",
    "https://deno.land/x/simplewebauthn@v11.0.0/packages/server/src/services/defaultRootCerts/mds.ts": "b20054c27a1f98aff9f3eef6a3fb2e9bd2c3c4e5fab8814800e002bd96e771ff",
    "https://deno.land/x/simplewebauthn@v11.0.0/packages/server/src/services/metadataService.ts": "787e965a8dceb915194bbe9cc1c00b32fd4e0737eba37fc1071017b0c0ad452b",
    "https://deno.land/x/simplewebauthn@v11.0.0/packages/server/src/services/settingsService.ts": "0c26df6d75fb5cf0532027a9463ff25d2d4af4dcc153f9d02f0d5c4b8f9b45f6",
    "https://deno.land/x/simplewebauthn@v11.0.0/packages/types/src/dom.ts": "80e02fde62c48482337b9ccc5ea248b2ba425f0c572a5dfe3eddfce05acbbe2d",
    "https://deno.land/x/simplewebauthn@v11.0.0/packages/types/src/index.ts": "a7bfba36ad43e005921573a93afad3e9ef14d7c79784fb1d7023de8133c5b531",
    "https://deno.land/x/tiny_cbor@0.2.2/cbor/cbor.ts": "b10fc7cd694887111cbcb9da87f0235cc954ee377b7122af3bbaccd422460e72",
    "https://deno.land/x/tiny_cbor@0.2.2/cbor/cbor_internal.ts": "0cde2b1d2cb08503b6f44c1789736376eac2f5d0ed10db9f73b16caa356c8bd7",
    "https://deno.land/x/tiny_cbor@0.2.2/index.ts": "a45c8abd3874ab05dea33af17b2da88376364d6966fcbf2c5da5520a0a9b9d98",
    "https://deno.land/x/xhr@0.3.0/mod.ts": "094aacd627fd9635cd942053bf8032b5223b909858fa9dc8ffa583752ff63b20",
    "https://deno.land/x/xml@6.0.1/_types.ts": "ff681c1008d0a6cdc6154b7f87bd033c01a88b89a17ca25c45882a3c3182333f",
    "https://deno.land/x/xml@6.0.1/parse.ts": "84f0e4c0f06bef3de94700ae7a3be62330c67726b403586c0662df99be38ff64",
    "https://deno.land/x/xml@6.0.1/stringify.ts": "63d4fe04838a8df995f1092881846e04b9142ed61b821686b51ddedcfc8a879d",
    "https://deno.land/x/xml@6.0.1/wasm_xml_parser/wasm_xml_parser.js": "7f6b80616f0b5488a40771ed76ebe61cedf9473bf86320da5e8aa0deec22db51",
    "https://esm.sh/@peculiar/asn1-android@2.3.10": "5840990eabf2bb7b8caaa637dbcb2839c2f3c7eec035e4de15757f0905d356b7",
    "https://esm.sh/@peculiar/asn1-ecc@2.3.8": "eb524e991d210eae5d20171443cb3aceb08317e0a9f0ac845fc381d408d733c0",
    "https://esm.sh/@peculiar/asn1-rsa@2.3.8": "22dc64c7d9cf4e33e3c33c319e7185d0eacf2d22505174f3955a0bbc89e8b822",
    "https://esm.sh/@peculiar/asn1-schema@2.3.8": "f6523c00d07906aee44b7e49015161e194507a9d68cc0ae57c8bce08a7e1cb2e",
    "https://esm.sh/@peculiar/asn1-x509@2.3.8": "22e1e9aa9006b43cf627bd4ab7b3566140c907636e48cec7f234075d7358aa02",
    "https://esm.sh/cross-fetch@4.0.0": "83dff96b79263034a2ce78cb58d2b3fac47a6b683b950b2344f255fd7d426b1d",
    "https://esm.sh/v135/@peculiar/asn1-android@2.3.10/denonext/asn1-android.mjs": "6eb3691895b655e7d19ebc696daada6b6d18d08286b383e2c8258ff59f124397",
    "https://esm.sh/v135/@peculiar/asn1-ecc@2.3.8/denonext/asn1-ecc.mjs": "badf4a8fd101357e263b00e46ef191eba2c129933d66f2136af484a2cefd2b32",
    "https://esm.sh/v135/@peculiar/asn1-rsa@2.3.8/denonext/asn1-rsa.mjs": "7464876430ea6c7f15dc191440cc963d4d900d75b2555457f97a27ae44d90284",
    "https://esm.sh/v135/@peculiar/asn1-schema@2.3.8/denonext/asn1-schema.mjs": "38e998eae72df5018b54a2e4bbd75adea986dc8c5655247cb03da861f314d50d",
    "https://esm.sh/v135/@peculiar/asn1-x509@2.3.8/denonext/asn1-x509.mjs": "7dcf12c3ae2f3bf63158d057b60a8a95b5a4041c69325da03c075e12ce9c0f21",
    "https://esm.sh/v135/asn1js@3.0.5/denonext/asn1js.mjs": "82d0da865ca1875486c26f86b51c80183e73fcedd32586eaeeb5980c16458c53",
    "https://esm.sh/v135/cross-fetch@4.0.0/denonext/cross-fetch.mjs": "238eae32034ab217cdbef10b812c7357f61ab2730c58207f4cf9135e9dec7a61",
    "https://esm.sh/v135/ipaddr.js@2.1.0/denonext/ipaddr.mjs": "214c1ee845e73e7c51ba673b36e7e6b9c5d8e8fb1fc19443444ad9cec44adf7e",
    "https://esm.sh/v135/pvtsutils@1.3.5/denonext/pvtsutils.mjs": "016782b990e2652a326cf1d8984c2adc4552171da902cc73dc8e12ffdbe3a100",
    "https://esm.sh/v135/pvutils@1.1.3/denonext/pvutils.mjs": "ad156a239ec0f1aa99f123fab44abc292c87d4fd6969d7af264436630457523c",
    "https://esm.sh/v135/tslib@2.6.2/denonext/tslib.mjs": "29782bcd3139f77ec063dc5a9385c0fff4a8d0a23b6765c73d9edeb169a04bf1"
  },
  "workspace": {
    "dependencies": [
      "jsr:@std/assert@1"
    ]
  }
}
